// !$*UTF8*$!
{
	archiveVersion = 1;
	classes = {
	};
	objectVersion = 77;
	objects = {

/* Begin PBXBuildFile section */
		200000000000000000000001 /* MenuBarStatsApp.swift in Sources */ = {isa = PBXBuildFile; fileRef = 100000000000000000000001 /* MenuBarStatsApp.swift */; };
		200000000000000000000002 /* CPUModels.swift in Sources */ = {isa = PBXBuildFile; fileRef = 100000000000000000000002 /* CPUModels.swift */; };
		200000000000000000000003 /* MachCPUTickSource.swift in Sources */ = {isa = PBXBuildFile; fileRef = 100000000000000000000003 /* MachCPUTickSource.swift */; };
		200000000000000000000004 /* CPUUsageCalculator.swift in Sources */ = {isa = PBXBuildFile; fileRef = 100000000000000000000004 /* CPUUsageCalculator.swift */; };
		200000000000000000000005 /* CPUSampler.swift in Sources */ = {isa = PBXBuildFile; fileRef = 100000000000000000000005 /* CPUSampler.swift */; };
		200000000000000000000006 /* CPUMonitor.swift in Sources */ = {isa = PBXBuildFile; fileRef = 100000000000000000000006 /* CPUMonitor.swift */; };
		200000000000000000000007 /* AppPreferences.swift in Sources */ = {isa = PBXBuildFile; fileRef = 100000000000000000000007 /* AppPreferences.swift */; };
		200000000000000000000009 /* CPUMenuView.swift in Sources */ = {isa = PBXBuildFile; fileRef = 100000000000000000000009 /* CPUMenuView.swift */; };
		200000000000000000000010 /* CoreBarChart.swift in Sources */ = {isa = PBXBuildFile; fileRef = 100000000000000000000010 /* CoreBarChart.swift */; };
		200000000000000000000011 /* CoreNumberGrid.swift in Sources */ = {isa = PBXBuildFile; fileRef = 100000000000000000000011 /* CoreNumberGrid.swift */; };
		200000000000000000000012 /* PreferencesView.swift in Sources */ = {isa = PBXBuildFile; fileRef = 100000000000000000000012 /* PreferencesView.swift */; };
		200000000000000000000014 /* CPUUsageCalculatorTests.swift in Sources */ = {isa = PBXBuildFile; fileRef = 100000000000000000000014 /* CPUUsageCalculatorTests.swift */; };
		200000000000000000000015 /* AppPreferencesTests.swift in Sources */ = {isa = PBXBuildFile; fileRef = 100000000000000000000015 /* AppPreferencesTests.swift */; };
		200000000000000000000018 /* VisualRenderingTests.swift in Sources */ = {isa = PBXBuildFile; fileRef = 100000000000000000000018 /* VisualRenderingTests.swift */; };
		200000000000000000000019 /* PrivacyInfo.xcprivacy in Resources */ = {isa = PBXBuildFile; fileRef = 100000000000000000000019 /* PrivacyInfo.xcprivacy */; };
		200000000000000000000020 /* CPUMonitorTests.swift in Sources */ = {isa = PBXBuildFile; fileRef = 100000000000000000000020 /* CPUMonitorTests.swift */; };
		200000000000000000000021 /* MemoryModels.swift in Sources */ = {isa = PBXBuildFile; fileRef = 100000000000000000000021 /* MemoryModels.swift */; };
		200000000000000000000022 /* MachMemorySource.swift in Sources */ = {isa = PBXBuildFile; fileRef = 100000000000000000000022 /* MachMemorySource.swift */; };
		200000000000000000000023 /* MemoryUsageCalculatorTests.swift in Sources */ = {isa = PBXBuildFile; fileRef = 100000000000000000000023 /* MemoryUsageCalculatorTests.swift */; };
		200000000000000000000024 /* Assets.xcassets in Resources */ = {isa = PBXBuildFile; fileRef = 100000000000000000000024 /* Assets.xcassets */; };
/* End PBXBuildFile section */

/* Begin PBXContainerItemProxy section */
		700000000000000000000001 /* PBXContainerItemProxy */ = {
			isa = PBXContainerItemProxy;
			containerPortal = 000000000000000000000001 /* Project object */;
			proxyType = 1;
			remoteGlobalIDString = 300000000000000000000001;
			remoteInfo = MenuBarStats;
		};
/* End PBXContainerItemProxy section */

/* Begin PBXFileReference section */
		100000000000000000000001 /* MenuBarStatsApp.swift */ = {isa = PBXFileReference; lastKnownFileType = sourcecode.swift; path = MenuBarStatsApp.swift; sourceTree = "<group>"; };
		100000000000000000000002 /* CPUModels.swift */ = {isa = PBXFileReference; lastKnownFileType = sourcecode.swift; path = CPUModels.swift; sourceTree = "<group>"; };
		100000000000000000000003 /* MachCPUTickSource.swift */ = {isa = PBXFileReference; lastKnownFileType = sourcecode.swift; path = MachCPUTickSource.swift; sourceTree = "<group>"; };
		100000000000000000000004 /* CPUUsageCalculator.swift */ = {isa = PBXFileReference; lastKnownFileType = sourcecode.swift; path = CPUUsageCalculator.swift; sourceTree = "<group>"; };
		100000000000000000000005 /* CPUSampler.swift */ = {isa = PBXFileReference; lastKnownFileType = sourcecode.swift; path = CPUSampler.swift; sourceTree = "<group>"; };
		100000000000000000000006 /* CPUMonitor.swift */ = {isa = PBXFileReference; lastKnownFileType = sourcecode.swift; path = CPUMonitor.swift; sourceTree = "<group>"; };
		100000000000000000000007 /* AppPreferences.swift */ = {isa = PBXFileReference; lastKnownFileType = sourcecode.swift; path = AppPreferences.swift; sourceTree = "<group>"; };
		100000000000000000000009 /* CPUMenuView.swift */ = {isa = PBXFileReference; lastKnownFileType = sourcecode.swift; path = CPUMenuView.swift; sourceTree = "<group>"; };
		100000000000000000000010 /* CoreBarChart.swift */ = {isa = PBXFileReference; lastKnownFileType = sourcecode.swift; path = CoreBarChart.swift; sourceTree = "<group>"; };
		100000000000000000000011 /* CoreNumberGrid.swift */ = {isa = PBXFileReference; lastKnownFileType = sourcecode.swift; path = CoreNumberGrid.swift; sourceTree = "<group>"; };
		100000000000000000000012 /* PreferencesView.swift */ = {isa = PBXFileReference; lastKnownFileType = sourcecode.swift; path = PreferencesView.swift; sourceTree = "<group>"; };
		100000000000000000000013 /* MenuBarStats.entitlements */ = {isa = PBXFileReference; lastKnownFileType = text.plist.entitlements; path = MenuBarStats.entitlements; sourceTree = "<group>"; };
		100000000000000000000014 /* CPUUsageCalculatorTests.swift */ = {isa = PBXFileReference; lastKnownFileType = sourcecode.swift; path = CPUUsageCalculatorTests.swift; sourceTree = "<group>"; };
		100000000000000000000015 /* AppPreferencesTests.swift */ = {isa = PBXFileReference; lastKnownFileType = sourcecode.swift; path = AppPreferencesTests.swift; sourceTree = "<group>"; };
		100000000000000000000016 /* Open Menu Bar Stats.app */ = {isa = PBXFileReference; explicitFileType = wrapper.application; includeInIndex = 0; path = "Open Menu Bar Stats.app"; sourceTree = BUILT_PRODUCTS_DIR; };
		100000000000000000000017 /* MenuBarStatsTests.xctest */ = {isa = PBXFileReference; explicitFileType = wrapper.cfbundle; includeInIndex = 0; path = MenuBarStatsTests.xctest; sourceTree = BUILT_PRODUCTS_DIR; };
		100000000000000000000018 /* VisualRenderingTests.swift */ = {isa = PBXFileReference; lastKnownFileType = sourcecode.swift; path = VisualRenderingTests.swift; sourceTree = "<group>"; };
		100000000000000000000019 /* PrivacyInfo.xcprivacy */ = {isa = PBXFileReference; lastKnownFileType = text.xml; path = PrivacyInfo.xcprivacy; sourceTree = "<group>"; };
		100000000000000000000020 /* CPUMonitorTests.swift */ = {isa = PBXFileReference; lastKnownFileType = sourcecode.swift; path = CPUMonitorTests.swift; sourceTree = "<group>"; };
		100000000000000000000021 /* MemoryModels.swift */ = {isa = PBXFileReference; lastKnownFileType = sourcecode.swift; path = MemoryModels.swift; sourceTree = "<group>"; };
		100000000000000000000022 /* MachMemorySource.swift */ = {isa = PBXFileReference; lastKnownFileType = sourcecode.swift; path = MachMemorySource.swift; sourceTree = "<group>"; };
		100000000000000000000023 /* MemoryUsageCalculatorTests.swift */ = {isa = PBXFileReference; lastKnownFileType = sourcecode.swift; path = MemoryUsageCalculatorTests.swift; sourceTree = "<group>"; };
		100000000000000000000024 /* Assets.xcassets */ = {isa = PBXFileReference; lastKnownFileType = folder.assetcatalog; path = Assets.xcassets; sourceTree = "<group>"; };
/* End PBXFileReference section */

/* Begin PBXFrameworksBuildPhase section */
		400000000000000000000002 /* Frameworks */ = {
			isa = PBXFrameworksBuildPhase;
			buildActionMask = 2147483647;
			files = (
			);
			runOnlyForDeploymentPostprocessing = 0;
		};
		400000000000000000000005 /* Frameworks */ = {
			isa = PBXFrameworksBuildPhase;
			buildActionMask = 2147483647;
			files = (
			);
			runOnlyForDeploymentPostprocessing = 0;
		};
/* End PBXFrameworksBuildPhase section */

/* Begin PBXGroup section */
		000000000000000000000009 = {
			isa = PBXGroup;
			children = (
				000000000000000000000003 /* MenuBarStats */,
				000000000000000000000008 /* MenuBarStatsTests */,
				000000000000000000000002 /* Products */,
			);
			sourceTree = "<group>";
		};
		000000000000000000000002 /* Products */ = {
			isa = PBXGroup;
			children = (
				100000000000000000000016 /* Open Menu Bar Stats.app */,
				100000000000000000000017 /* MenuBarStatsTests.xctest */,
			);
			name = Products;
			sourceTree = "<group>";
		};
		000000000000000000000003 /* MenuBarStats */ = {
			isa = PBXGroup;
			children = (
				000000000000000000000004 /* App */,
				000000000000000000000005 /* CPU */,
				000000000000000000000010 /* Memory */,
				000000000000000000000006 /* Preferences */,
				000000000000000000000007 /* UI */,
				100000000000000000000013 /* MenuBarStats.entitlements */,
				100000000000000000000019 /* PrivacyInfo.xcprivacy */,
				100000000000000000000024 /* Assets.xcassets */,
			);
			path = MenuBarStats;
			sourceTree = "<group>";
		};
		000000000000000000000004 /* App */ = {
			isa = PBXGroup;
			children = (
				100000000000000000000001 /* MenuBarStatsApp.swift */,
			);
			path = App;
			sourceTree = "<group>";
		};
		000000000000000000000005 /* CPU */ = {
			isa = PBXGroup;
			children = (
				100000000000000000000002 /* CPUModels.swift */,
				100000000000000000000003 /* MachCPUTickSource.swift */,
				100000000000000000000004 /* CPUUsageCalculator.swift */,
				100000000000000000000005 /* CPUSampler.swift */,
				100000000000000000000006 /* CPUMonitor.swift */,
			);
			path = CPU;
			sourceTree = "<group>";
		};
		000000000000000000000006 /* Preferences */ = {
			isa = PBXGroup;
			children = (
				100000000000000000000007 /* AppPreferences.swift */,
			);
			path = Preferences;
			sourceTree = "<group>";
		};
		000000000000000000000010 /* Memory */ = {
			isa = PBXGroup;
			children = (
				100000000000000000000021 /* MemoryModels.swift */,
				100000000000000000000022 /* MachMemorySource.swift */,
			);
			path = Memory;
			sourceTree = "<group>";
		};
		000000000000000000000007 /* UI */ = {
			isa = PBXGroup;
			children = (
				100000000000000000000009 /* CPUMenuView.swift */,
				100000000000000000000010 /* CoreBarChart.swift */,
				100000000000000000000011 /* CoreNumberGrid.swift */,
				100000000000000000000012 /* PreferencesView.swift */,
			);
			path = UI;
			sourceTree = "<group>";
		};
		000000000000000000000008 /* MenuBarStatsTests */ = {
			isa = PBXGroup;
			children = (
				100000000000000000000014 /* CPUUsageCalculatorTests.swift */,
				100000000000000000000015 /* AppPreferencesTests.swift */,
				100000000000000000000018 /* VisualRenderingTests.swift */,
				100000000000000000000020 /* CPUMonitorTests.swift */,
				100000000000000000000023 /* MemoryUsageCalculatorTests.swift */,
			);
			path = MenuBarStatsTests;
			sourceTree = "<group>";
		};
/* End PBXGroup section */

/* Begin PBXNativeTarget section */
		300000000000000000000001 /* MenuBarStats */ = {
			isa = PBXNativeTarget;
			buildConfigurationList = 600000000000000000000002 /* Build configuration list for PBXNativeTarget "MenuBarStats" */;
			buildPhases = (
				400000000000000000000001 /* Sources */,
				400000000000000000000002 /* Frameworks */,
				400000000000000000000003 /* Resources */,
			);
			buildRules = (
			);
			dependencies = (
			);
			name = MenuBarStats;
			packageProductDependencies = (
			);
			productName = "Open Menu Bar Stats";
			productReference = 100000000000000000000016 /* Open Menu Bar Stats.app */;
			productType = "com.apple.product-type.application";
		};
		300000000000000000000002 /* MenuBarStatsTests */ = {
			isa = PBXNativeTarget;
			buildConfigurationList = 600000000000000000000003 /* Build configuration list for PBXNativeTarget "MenuBarStatsTests" */;
			buildPhases = (
				400000000000000000000004 /* Sources */,
				400000000000000000000005 /* Frameworks */,
				400000000000000000000006 /* Resources */,
			);
			buildRules = (
			);
			dependencies = (
				700000000000000000000002 /* PBXTargetDependency */,
			);
			name = MenuBarStatsTests;
			packageProductDependencies = (
			);
			productName = MenuBarStatsTests;
			productReference = 100000000000000000000017 /* MenuBarStatsTests.xctest */;
			productType = "com.apple.product-type.bundle.unit-test";
		};
/* End PBXNativeTarget section */

/* Begin PBXProject section */
		000000000000000000000001 /* Project object */ = {
			isa = PBXProject;
			attributes = {
				BuildIndependentTargetsInParallel = 1;
				LastSwiftUpdateCheck = 2660;
				LastUpgradeCheck = 2660;
				TargetAttributes = {
					300000000000000000000001 = {
						CreatedOnToolsVersion = 26.0;
					};
					300000000000000000000002 = {
						CreatedOnToolsVersion = 26.0;
						TestTargetID = 300000000000000000000001;
					};
				};
			};
			buildConfigurationList = 600000000000000000000001 /* Build configuration list for PBXProject "MenuBarStats" */;
			compatibilityVersion = "Xcode 16.0";
			developmentRegion = en;
			hasScannedForEncodings = 0;
			knownRegions = (
				en,
				Base,
			);
			mainGroup = 000000000000000000000009;
			minimizedProjectReferenceProxies = 1;
			preferredProjectObjectVersion = 77;
			productRefGroup = 000000000000000000000002 /* Products */;
			projectDirPath = "";
			projectRoot = "";
			targets = (
				300000000000000000000001 /* MenuBarStats */,
				300000000000000000000002 /* MenuBarStatsTests */,
			);
		};
/* End PBXProject section */

/* Begin PBXResourcesBuildPhase section */
		400000000000000000000003 /* Resources */ = {
			isa = PBXResourcesBuildPhase;
			buildActionMask = 2147483647;
			files = (
				200000000000000000000019 /* PrivacyInfo.xcprivacy in Resources */,
				200000000000000000000024 /* Assets.xcassets in Resources */,
			);
			runOnlyForDeploymentPostprocessing = 0;
		};
		400000000000000000000006 /* Resources */ = {
			isa = PBXResourcesBuildPhase;
			buildActionMask = 2147483647;
			files = (
			);
			runOnlyForDeploymentPostprocessing = 0;
		};
/* End PBXResourcesBuildPhase section */

/* Begin PBXSourcesBuildPhase section */
		400000000000000000000001 /* Sources */ = {
			isa = PBXSourcesBuildPhase;
			buildActionMask = 2147483647;
			files = (
				200000000000000000000001 /* MenuBarStatsApp.swift in Sources */,
				200000000000000000000002 /* CPUModels.swift in Sources */,
				200000000000000000000003 /* MachCPUTickSource.swift in Sources */,
				200000000000000000000004 /* CPUUsageCalculator.swift in Sources */,
				200000000000000000000005 /* CPUSampler.swift in Sources */,
				200000000000000000000006 /* CPUMonitor.swift in Sources */,
				200000000000000000000007 /* AppPreferences.swift in Sources */,
				200000000000000000000009 /* CPUMenuView.swift in Sources */,
				200000000000000000000010 /* CoreBarChart.swift in Sources */,
				200000000000000000000011 /* CoreNumberGrid.swift in Sources */,
				200000000000000000000012 /* PreferencesView.swift in Sources */,
				200000000000000000000021 /* MemoryModels.swift in Sources */,
				200000000000000000000022 /* MachMemorySource.swift in Sources */,
			);
			runOnlyForDeploymentPostprocessing = 0;
		};
		400000000000000000000004 /* Sources */ = {
			isa = PBXSourcesBuildPhase;
			buildActionMask = 2147483647;
			files = (
				200000000000000000000014 /* CPUUsageCalculatorTests.swift in Sources */,
				200000000000000000000015 /* AppPreferencesTests.swift in Sources */,
				200000000000000000000018 /* VisualRenderingTests.swift in Sources */,
				200000000000000000000020 /* CPUMonitorTests.swift in Sources */,
				200000000000000000000023 /* MemoryUsageCalculatorTests.swift in Sources */,
			);
			runOnlyForDeploymentPostprocessing = 0;
		};
/* End PBXSourcesBuildPhase section */

/* Begin PBXTargetDependency section */
		700000000000000000000002 /* PBXTargetDependency */ = {
			isa = PBXTargetDependency;
			target = 300000000000000000000001 /* MenuBarStats */;
			targetProxy = 700000000000000000000001 /* PBXContainerItemProxy */;
		};
/* End PBXTargetDependency section */

/* Begin XCBuildConfiguration section */
		500000000000000000000001 /* Debug */ = {
			isa = XCBuildConfiguration;
			buildSettings = {
				ALWAYS_SEARCH_USER_PATHS = NO;
				CLANG_ANALYZER_NONNULL = YES;
				CLANG_ANALYZER_NUMBER_OBJECT_CONVERSION = YES_AGGRESSIVE;
				CLANG_CXX_LANGUAGE_STANDARD = "gnu++20";
				CLANG_ENABLE_MODULES = YES;
				CLANG_ENABLE_OBJC_ARC = YES;
				CLANG_ENABLE_OBJC_WEAK = YES;
				CLANG_WARN_BLOCK_CAPTURE_AUTORELEASING = YES;
				CLANG_WARN_BOOL_CONVERSION = YES;
				CLANG_WARN_COMMA = YES;
				CLANG_WARN_CONSTANT_CONVERSION = YES;
				CLANG_WARN_DEPRECATED_OBJC_IMPLEMENTATIONS = YES;
				CLANG_WARN_DIRECT_OBJC_ISA_USAGE = YES_ERROR;
				CLANG_WARN_DOCUMENTATION_COMMENTS = YES;
				CLANG_WARN_EMPTY_BODY = YES;
				CLANG_WARN_ENUM_CONVERSION = YES;
				CLANG_WARN_INFINITE_RECURSION = YES;
				CLANG_WARN_INT_CONVERSION = YES;
				CLANG_WARN_NON_LITERAL_NULL_CONVERSION = YES;
				CLANG_WARN_OBJC_IMPLICIT_RETAIN_SELF = YES;
				CLANG_WARN_OBJC_LITERAL_CONVERSION = YES;
				CLANG_WARN_OBJC_ROOT_CLASS = YES_ERROR;
				CLANG_WARN_QUOTED_INCLUDE_IN_FRAMEWORK_HEADER = YES;
				CLANG_WARN_RANGE_LOOP_ANALYSIS = YES;
				CLANG_WARN_STRICT_PROTOTYPES = YES;
				CLANG_WARN_SUSPICIOUS_MOVE = YES;
				CLANG_WARN_UNGUARDED_AVAILABILITY = YES_AGGRESSIVE;
				CLANG_WARN_UNREACHABLE_CODE = YES;
				CLANG_WARN__DUPLICATE_METHOD_MATCH = YES;
				COPY_PHASE_STRIP = NO;
				DEBUG_INFORMATION_FORMAT = dwarf;
				ENABLE_STRICT_OBJC_MSGSEND = YES;
				ENABLE_TESTABILITY = YES;
				ENABLE_CODE_COVERAGE = NO;
				ENABLE_USER_SCRIPT_SANDBOXING = YES;
				GCC_C_LANGUAGE_STANDARD = gnu17;
				GCC_DYNAMIC_NO_PIC = NO;
				GCC_NO_COMMON_BLOCKS = YES;
				GCC_OPTIMIZATION_LEVEL = 0;
				GCC_PREPROCESSOR_DEFINITIONS = (
					"DEBUG=1",
					"$(inherited)",
				);
				GCC_WARN_64_TO_32_BIT_CONVERSION = YES;
				GCC_WARN_ABOUT_RETURN_TYPE = YES_ERROR;
				GCC_WARN_UNDECLARED_SELECTOR = YES;
				GCC_WARN_UNINITIALIZED_AUTOS = YES_AGGRESSIVE;
				GCC_WARN_UNUSED_FUNCTION = YES;
				GCC_WARN_UNUSED_VARIABLE = YES;
				LOCALIZATION_PREFERS_STRING_CATALOGS = YES;
				MACOSX_DEPLOYMENT_TARGET = 26.0;
				MTL_ENABLE_DEBUG_INFO = INCLUDE_SOURCE;
				MTL_FAST_MATH = YES;
				ONLY_ACTIVE_ARCH = YES;
				SDKROOT = macosx;
				SWIFT_ACTIVE_COMPILATION_CONDITIONS = DEBUG;
				SWIFT_OPTIMIZATION_LEVEL = "-Onone";
			};
			name = Debug;
		};
		500000000000000000000002 /* Release */ = {
			isa = XCBuildConfiguration;
			buildSettings = {
				ALWAYS_SEARCH_USER_PATHS = NO;
				CLANG_ANALYZER_NONNULL = YES;
				CLANG_ANALYZER_NUMBER_OBJECT_CONVERSION = YES_AGGRESSIVE;
				CLANG_CXX_LANGUAGE_STANDARD = "gnu++20";
				CLANG_ENABLE_MODULES = YES;
				CLANG_ENABLE_OBJC_ARC = YES;
				CLANG_ENABLE_OBJC_WEAK = YES;
				CLANG_WARN_BLOCK_CAPTURE_AUTORELEASING = YES;
				CLANG_WARN_BOOL_CONVERSION = YES;
				CLANG_WARN_COMMA = YES;
				CLANG_WARN_CONSTANT_CONVERSION = YES;
				CLANG_WARN_DEPRECATED_OBJC_IMPLEMENTATIONS = YES;
				CLANG_WARN_DIRECT_OBJC_ISA_USAGE = YES_ERROR;
				CLANG_WARN_DOCUMENTATION_COMMENTS = YES;
				CLANG_WARN_EMPTY_BODY = YES;
				CLANG_WARN_ENUM_CONVERSION = YES;
				CLANG_WARN_INFINITE_RECURSION = YES;
				CLANG_WARN_INT_CONVERSION = YES;
				CLANG_WARN_NON_LITERAL_NULL_CONVERSION = YES;
				CLANG_WARN_OBJC_IMPLICIT_RETAIN_SELF = YES;
				CLANG_WARN_OBJC_LITERAL_CONVERSION = YES;
				CLANG_WARN_OBJC_ROOT_CLASS = YES_ERROR;
				CLANG_WARN_QUOTED_INCLUDE_IN_FRAMEWORK_HEADER = YES;
				CLANG_WARN_RANGE_LOOP_ANALYSIS = YES;
				CLANG_WARN_STRICT_PROTOTYPES = YES;
				CLANG_WARN_SUSPICIOUS_MOVE = YES;
				CLANG_WARN_UNGUARDED_AVAILABILITY = YES_AGGRESSIVE;
				CLANG_WARN_UNREACHABLE_CODE = YES;
				CLANG_WARN__DUPLICATE_METHOD_MATCH = YES;
				COPY_PHASE_STRIP = NO;
				DEBUG_INFORMATION_FORMAT = "dwarf-with-dsym";
				ENABLE_NS_ASSERTIONS = NO;
				ENABLE_CODE_COVERAGE = NO;
				ENABLE_STRICT_OBJC_MSGSEND = YES;
				ENABLE_USER_SCRIPT_SANDBOXING = YES;
				GCC_C_LANGUAGE_STANDARD = gnu17;
				GCC_NO_COMMON_BLOCKS = YES;
				GCC_WARN_64_TO_32_BIT_CONVERSION = YES;
				GCC_WARN_ABOUT_RETURN_TYPE = YES_ERROR;
				GCC_WARN_UNDECLARED_SELECTOR = YES;
				GCC_WARN_UNINITIALIZED_AUTOS = YES_AGGRESSIVE;
				GCC_WARN_UNUSED_FUNCTION = YES;
				GCC_WARN_UNUSED_VARIABLE = YES;
				LOCALIZATION_PREFERS_STRING_CATALOGS = YES;
				MACOSX_DEPLOYMENT_TARGET = 26.0;
				MTL_ENABLE_DEBUG_INFO = NO;
				MTL_FAST_MATH = YES;
				SDKROOT = macosx;
				SWIFT_COMPILATION_MODE = wholemodule;
			};
			name = Release;
		};
		500000000000000000000003 /* Debug */ = {
			isa = XCBuildConfiguration;
			buildSettings = {
				ASSETCATALOG_COMPILER_APPICON_NAME = AppIcon;
				CODE_SIGN_ENTITLEMENTS = MenuBarStats/MenuBarStats.entitlements;
				CODE_SIGN_STYLE = Automatic;
				COMBINE_HIDPI_IMAGES = YES;
				CURRENT_PROJECT_VERSION = 13;
				DEAD_CODE_STRIPPING = YES;
				ENABLE_APP_SANDBOX = YES;
				ENABLE_HARDENED_RUNTIME = YES;
				ENABLE_PREVIEWS = YES;
				GENERATE_INFOPLIST_FILE = YES;
				INFOPLIST_KEY_CFBundleDisplayName = "Open Menu Bar Stats";
				INFOPLIST_KEY_LSApplicationCategoryType = "public.app-category.utilities";
				INFOPLIST_KEY_LSUIElement = YES;
				INFOPLIST_KEY_ITSAppUsesNonExemptEncryption = NO;
				INFOPLIST_KEY_NSHumanReadableCopyright = "Copyright © 2026 Open Menu Bar Stats contributors";
				LD_RUNPATH_SEARCH_PATHS = (
					"$(inherited)",
					"@executable_path/../Frameworks",
				);
				MARKETING_VERSION = 1.6;
				PRODUCT_BUNDLE_IDENTIFIER = richstokes.menubarstats;
				PRODUCT_MODULE_NAME = MenuBarStats;
				PRODUCT_NAME = "Open Menu Bar Stats";
				SWIFT_APPROACHABLE_CONCURRENCY = YES;
				SWIFT_EMIT_LOC_STRINGS = YES;
				SWIFT_STRICT_MEMORY_SAFETY = YES;
				SWIFT_STRICT_CONCURRENCY = complete;
				SWIFT_UPCOMING_FEATURE_MEMBER_IMPORT_VISIBILITY = YES;
				SWIFT_VERSION = 6.0;
			};
			name = Debug;
		};
		500000000000000000000004 /* Release */ = {
			isa = XCBuildConfiguration;
			buildSettings = {
				ASSETCATALOG_COMPILER_APPICON_NAME = AppIcon;
				CODE_SIGN_ENTITLEMENTS = MenuBarStats/MenuBarStats.entitlements;
				CODE_SIGN_STYLE = Automatic;
				COMBINE_HIDPI_IMAGES = YES;
				CURRENT_PROJECT_VERSION = 13;
				DEAD_CODE_STRIPPING = YES;
				DEVELOPMENT_TEAM = KC28CN8ERG;
				ENABLE_APP_SANDBOX = YES;
				ENABLE_HARDENED_RUNTIME = YES;
				ENABLE_PREVIEWS = YES;
				GENERATE_INFOPLIST_FILE = YES;
				INFOPLIST_KEY_CFBundleDisplayName = "Open Menu Bar Stats";
				INFOPLIST_KEY_LSApplicationCategoryType = "public.app-category.utilities";
				INFOPLIST_KEY_LSUIElement = YES;
				INFOPLIST_KEY_ITSAppUsesNonExemptEncryption = NO;
				INFOPLIST_KEY_NSHumanReadableCopyright = "Copyright © 2026 Open Menu Bar Stats contributors";
				LD_RUNPATH_SEARCH_PATHS = (
					"$(inherited)",
					"@executable_path/../Frameworks",
				);
				MARKETING_VERSION = 1.6;
				PRODUCT_BUNDLE_IDENTIFIER = richstokes.menubarstats;
				PRODUCT_MODULE_NAME = MenuBarStats;
				PRODUCT_NAME = "Open Menu Bar Stats";
				SWIFT_APPROACHABLE_CONCURRENCY = YES;
				SWIFT_EMIT_LOC_STRINGS = YES;
				SWIFT_STRICT_MEMORY_SAFETY = YES;
				SWIFT_STRICT_CONCURRENCY = complete;
				SWIFT_UPCOMING_FEATURE_MEMBER_IMPORT_VISIBILITY = YES;
				SWIFT_VERSION = 6.0;
			};
			name = Release;
		};
		500000000000000000000005 /* Debug */ = {
			isa = XCBuildConfiguration;
			buildSettings = {
				BUNDLE_LOADER = "$(TEST_HOST)";
				CODE_SIGN_STYLE = Automatic;
				GENERATE_INFOPLIST_FILE = YES;
				LD_RUNPATH_SEARCH_PATHS = (
					"$(inherited)",
					"@executable_path/../Frameworks",
					"@loader_path/../Frameworks",
				);
				PRODUCT_BUNDLE_IDENTIFIER = richstokes.menubarstats.tests;
				PRODUCT_NAME = "$(TARGET_NAME)";
				SWIFT_APPROACHABLE_CONCURRENCY = YES;
				SWIFT_EMIT_LOC_STRINGS = NO;
				SWIFT_STRICT_MEMORY_SAFETY = YES;
				SWIFT_STRICT_CONCURRENCY = complete;
				SWIFT_UPCOMING_FEATURE_MEMBER_IMPORT_VISIBILITY = YES;
				SWIFT_VERSION = 6.0;
				TEST_HOST = "$(BUILT_PRODUCTS_DIR)/Open Menu Bar Stats.app/Contents/MacOS/Open Menu Bar Stats";
			};
			name = Debug;
		};
		500000000000000000000006 /* Release */ = {
			isa = XCBuildConfiguration;
			buildSettings = {
				BUNDLE_LOADER = "$(TEST_HOST)";
				CODE_SIGN_STYLE = Automatic;
				GENERATE_INFOPLIST_FILE = YES;
				LD_RUNPATH_SEARCH_PATHS = (
					"$(inherited)",
					"@executable_path/../Frameworks",
					"@loader_path/../Frameworks",
				);
				PRODUCT_BUNDLE_IDENTIFIER = richstokes.menubarstats.tests;
				PRODUCT_NAME = "$(TARGET_NAME)";
				SWIFT_APPROACHABLE_CONCURRENCY = YES;
				SWIFT_EMIT_LOC_STRINGS = NO;
				SWIFT_STRICT_MEMORY_SAFETY = YES;
				SWIFT_STRICT_CONCURRENCY = complete;
				SWIFT_UPCOMING_FEATURE_MEMBER_IMPORT_VISIBILITY = YES;
				SWIFT_VERSION = 6.0;
				TEST_HOST = "$(BUILT_PRODUCTS_DIR)/Open Menu Bar Stats.app/Contents/MacOS/Open Menu Bar Stats";
			};
			name = Release;
		};
/* End XCBuildConfiguration section */

/* Begin XCConfigurationList section */
		600000000000000000000001 /* Build configuration list for PBXProject "MenuBarStats" */ = {
			isa = XCConfigurationList;
			buildConfigurations = (
				500000000000000000000001 /* Debug */,
				500000000000000000000002 /* Release */,
			);
			defaultConfigurationIsVisible = 0;
			defaultConfigurationName = Release;
		};
		600000000000000000000002 /* Build configuration list for PBXNativeTarget "MenuBarStats" */ = {
			isa = XCConfigurationList;
			buildConfigurations = (
				500000000000000000000003 /* Debug */,
				500000000000000000000004 /* Release */,
			);
			defaultConfigurationIsVisible = 0;
			defaultConfigurationName = Release;
		};
		600000000000000000000003 /* Build configuration list for PBXNativeTarget "MenuBarStatsTests" */ = {
			isa = XCConfigurationList;
			buildConfigurations = (
				500000000000000000000005 /* Debug */,
				500000000000000000000006 /* Release */,
			);
			defaultConfigurationIsVisible = 0;
			defaultConfigurationName = Release;
		};
/* End XCConfigurationList section */
	};
	rootObject = 000000000000000000000001 /* Project object */;
}
